
Microsoft Visual Studio Solution File, Format Version 12.00
# Visual Studio 15
VisualStudioVersion = 15.0.28307.329
MinimumVisualStudioVersion = 10.0.40219.1
Project("{FAE04EC0-301F-11D3-BF4B-00C04F79EFBC}") = "TelegramBot", "TelegramBot\TelegramBot.csproj", "{8E321AC7-53EE-45BA-9A56-7D2AC67EE854}"
EndProject
Global
	GlobalSection(SolutionConfigurationPlatforms) = preSolution
		Debug|Any CPU = Debug|Any CPU
		Release|Any CPU = Release|Any CPU
	EndGlobalSection
	GlobalSection(ProjectConfigurationPlatforms) = postSolution
		{8E321AC7-53EE-45BA-9A56-7D2AC67EE854}.Debug|Any CPU.ActiveCfg = Debug|Any CPU
		{8E321AC7-53EE-45BA-9A56-7D2AC67EE854}.Debug|Any CPU.Build.0 = Debug|Any CPU
		{8E321AC7-53EE-45BA-9A56-7D2AC67EE854}.Release|Any CPU.ActiveCfg = Release|Any CPU
		{8E321AC7-53EE-45BA-9A56-7D2AC67EE854}.Release|Any CPU.Build.0 = Release|Any CPU
	EndGlobalSection
	GlobalSection(SolutionProperties) = preSolution
		HideSolutionNode = FALSE
	EndGlobalSection
	GlobalSection(ExtensibilityGlobals) = postSolution
		SolutionGuid = {786AA44D-275F-4BDE-B7F4-E95C93CB9BF3}
	EndGlobalSection
EndGlobal
